// !$*UTF8*$!
{
	archiveVersion = 1;
	classes = {
	};
	objectVersion = 55;
	objects = {

/* Begin PBXBuildFile section */
		1F1E16E2277DFF37007826AD /* CountryAppApp.swift in Sources */ = {isa = PBXBuildFile; fileRef = 1F1E16E1277DFF37007826AD /* CountryAppApp.swift */; };
		1F1E16E4277DFF37007826AD /* CountryListView.swift in Sources */ = {isa = PBXBuildFile; fileRef = 1F1E16E3277DFF37007826AD /* CountryListView.swift */; };
		1F1E16E6277DFF38007826AD /* Assets.xcassets in Resources */ = {isa = PBXBuildFile; fileRef = 1F1E16E5277DFF38007826AD /* Assets.xcassets */; };
		1F1E16E9277DFF38007826AD /* Preview Assets.xcassets in Resources */ = {isa = PBXBuildFile; fileRef = 1F1E16E8277DFF38007826AD /* Preview Assets.xcassets */; };
		1F1E16F3277DFF39007826AD /* CountryRepositoryTests.swift in Sources */ = {isa = PBXBuildFile; fileRef = 1F1E16F2277DFF39007826AD /* CountryRepositoryTests.swift */; };
		1F1E16FD277DFF39007826AD /* CountryAppUITests.swift in Sources */ = {isa = PBXBuildFile; fileRef = 1F1E16FC277DFF39007826AD /* CountryAppUITests.swift */; };
		1F1E16FF277DFF39007826AD /* CountryAppUITestsLaunchTests.swift in Sources */ = {isa = PBXBuildFile; fileRef = 1F1E16FE277DFF39007826AD /* CountryAppUITestsLaunchTests.swift */; };
		1F1E1710277E0016007826AD /* Country.swift in Sources */ = {isa = PBXBuildFile; fileRef = 1F1E170F277E0016007826AD /* Country.swift */; };
		1F1E1712277E021F007826AD /* CountryRepository.swift in Sources */ = {isa = PBXBuildFile; fileRef = 1F1E1711277E021F007826AD /* CountryRepository.swift */; };
		1F1E1714277E0355007826AD /* MockCountryRepository.swift in Sources */ = {isa = PBXBuildFile; fileRef = 1F1E1713277E0355007826AD /* MockCountryRepository.swift */; };
		1F1E1717277E03F5007826AD /* countries.json in Resources */ = {isa = PBXBuildFile; fileRef = 1F1E1716277E03F5007826AD /* countries.json */; };
		1F1E171B2780DC00007826AD /* Endpoint.swift in Sources */ = {isa = PBXBuildFile; fileRef = 1F1E171A2780DC00007826AD /* Endpoint.swift */; };
		1F1E171C2780DC00007826AD /* Endpoint.swift in Sources */ = {isa = PBXBuildFile; fileRef = 1F1E171A2780DC00007826AD /* Endpoint.swift */; };
		1F1E171F2780DE05007826AD /* APIError.swift in Sources */ = {isa = PBXBuildFile; fileRef = 1F1E171E2780DE05007826AD /* APIError.swift */; };
		1F1E17202780DE05007826AD /* APIError.swift in Sources */ = {isa = PBXBuildFile; fileRef = 1F1E171E2780DE05007826AD /* APIError.swift */; };
		1F1E17232780DE7A007826AD /* ParameterEncoding.swift in Sources */ = {isa = PBXBuildFile; fileRef = 1F1E17222780DE7A007826AD /* ParameterEncoding.swift */; };
		1F1E17242780DE7A007826AD /* ParameterEncoding.swift in Sources */ = {isa = PBXBuildFile; fileRef = 1F1E17222780DE7A007826AD /* ParameterEncoding.swift */; };
		1F1E17262780E9BD007826AD /* APIClient.swift in Sources */ = {isa = PBXBuildFile; fileRef = 1F1E17252780E9BD007826AD /* APIClient.swift */; };
		1F1E17272780E9BD007826AD /* APIClient.swift in Sources */ = {isa = PBXBuildFile; fileRef = 1F1E17252780E9BD007826AD /* APIClient.swift */; };
		1F1E172A2780EA75007826AD /* CountryRESTRepository.swift in Sources */ = {isa = PBXBuildFile; fileRef = 1F1E17292780EA75007826AD /* CountryRESTRepository.swift */; };
		1F1E172B2780EA75007826AD /* CountryRESTRepository.swift in Sources */ = {isa = PBXBuildFile; fileRef = 1F1E17292780EA75007826AD /* CountryRESTRepository.swift */; };
		1F1E172F2780EB88007826AD /* CountriesEndpoint.swift in Sources */ = {isa = PBXBuildFile; fileRef = 1F1E172E2780EB88007826AD /* CountriesEndpoint.swift */; };
		1F1E17302780EB88007826AD /* CountriesEndpoint.swift in Sources */ = {isa = PBXBuildFile; fileRef = 1F1E172E2780EB88007826AD /* CountriesEndpoint.swift */; };
		1F1E17322780EE6D007826AD /* CountryRepository.swift in Sources */ = {isa = PBXBuildFile; fileRef = 1F1E1711277E021F007826AD /* CountryRepository.swift */; };
		1F1E17332780EE76007826AD /* Country.swift in Sources */ = {isa = PBXBuildFile; fileRef = 1F1E170F277E0016007826AD /* Country.swift */; };
		1F1E17392780FC3C007826AD /* CountryRESTEndpointTests.swift in Sources */ = {isa = PBXBuildFile; fileRef = 1F1E17382780FC3C007826AD /* CountryRESTEndpointTests.swift */; };
		1F22CF6227844B8F00AB7F4C /* CountryDetailViewModel.swift in Sources */ = {isa = PBXBuildFile; fileRef = 1F22CF6127844B8F00AB7F4C /* CountryDetailViewModel.swift */; };
		1F22CF6327844B8F00AB7F4C /* CountryDetailViewModel.swift in Sources */ = {isa = PBXBuildFile; fileRef = 1F22CF6127844B8F00AB7F4C /* CountryDetailViewModel.swift */; };
		1F22CF652784617000AB7F4C /* ToggleViewButton.swift in Sources */ = {isa = PBXBuildFile; fileRef = 1F22CF642784617000AB7F4C /* ToggleViewButton.swift */; };
		1F22CF662784617000AB7F4C /* ToggleViewButton.swift in Sources */ = {isa = PBXBuildFile; fileRef = 1F22CF642784617000AB7F4C /* ToggleViewButton.swift */; };
		1F8A7DA9278302C200BD3421 /* CombineExtensions.swift in Sources */ = {isa = PBXBuildFile; fileRef = 1F8A7DA8278302C200BD3421 /* CombineExtensions.swift */; };
		1F8A7DAA278302C200BD3421 /* CombineExtensions.swift in Sources */ = {isa = PBXBuildFile; fileRef = 1F8A7DA8278302C200BD3421 /* CombineExtensions.swift */; };
		1F8A7DAC2783065100BD3421 /* ImageCacheError.swift in Sources */ = {isa = PBXBuildFile; fileRef = 1F8A7DAB2783065100BD3421 /* ImageCacheError.swift */; };
		1F8A7DAD2783065100BD3421 /* ImageCacheError.swift in Sources */ = {isa = PBXBuildFile; fileRef = 1F8A7DAB2783065100BD3421 /* ImageCacheError.swift */; };
		1F8A7DAF2783072100BD3421 /* ErrorView.swift in Sources */ = {isa = PBXBuildFile; fileRef = 1F8A7DAE2783072100BD3421 /* ErrorView.swift */; };
		1F8A7DB02783072100BD3421 /* ErrorView.swift in Sources */ = {isa = PBXBuildFile; fileRef = 1F8A7DAE2783072100BD3421 /* ErrorView.swift */; };
		1F8A7DB32783081300BD3421 /* Localizable.strings in Resources */ = {isa = PBXBuildFile; fileRef = 1F8A7DB22783081300BD3421 /* Localizable.strings */; };
		1F8A7DB42783081300BD3421 /* Localizable.strings in Resources */ = {isa = PBXBuildFile; fileRef = 1F8A7DB22783081300BD3421 /* Localizable.strings */; };
		1F8A7DB62783083400BD3421 /* StringExtensions.swift in Sources */ = {isa = PBXBuildFile; fileRef = 1F8A7DB52783083400BD3421 /* StringExtensions.swift */; };
		1F8A7DB72783083400BD3421 /* StringExtensions.swift in Sources */ = {isa = PBXBuildFile; fileRef = 1F8A7DB52783083400BD3421 /* StringExtensions.swift */; };
		1F8A7DB92783088F00BD3421 /* UserError.swift in Sources */ = {isa = PBXBuildFile; fileRef = 1F8A7DB82783088F00BD3421 /* UserError.swift */; };
		1F8A7DBA2783088F00BD3421 /* UserError.swift in Sources */ = {isa = PBXBuildFile; fileRef = 1F8A7DB82783088F00BD3421 /* UserError.swift */; };
		1F8A7DBC27830FFD00BD3421 /* CountryListViewModelTests.swift in Sources */ = {isa = PBXBuildFile; fileRef = 1F8A7DBB27830FFD00BD3421 /* CountryListViewModelTests.swift */; };
		1F8A7DBD278313E200BD3421 /* CountryListView.swift in Sources */ = {isa = PBXBuildFile; fileRef = 1F1E16E3277DFF37007826AD /* CountryListView.swift */; };
		1F8A7DBF2783185A00BD3421 /* CountryRowViewModelTests.swift in Sources */ = {isa = PBXBuildFile; fileRef = 1F8A7DBE2783185A00BD3421 /* CountryRowViewModelTests.swift */; };
		1FD7FB342781F22C00AD5BCA /* CountryListViewModel.swift in Sources */ = {isa = PBXBuildFile; fileRef = 1FD7FB332781F22C00AD5BCA /* CountryListViewModel.swift */; };
		1FD7FB352781F22C00AD5BCA /* CountryListViewModel.swift in Sources */ = {isa = PBXBuildFile; fileRef = 1FD7FB332781F22C00AD5BCA /* CountryListViewModel.swift */; };
		1FD7FB382782027700AD5BCA /* CountryViewFactory.swift in Sources */ = {isa = PBXBuildFile; fileRef = 1FD7FB372782027700AD5BCA /* CountryViewFactory.swift */; };
		1FD7FB392782027700AD5BCA /* CountryViewFactory.swift in Sources */ = {isa = PBXBuildFile; fileRef = 1FD7FB372782027700AD5BCA /* CountryViewFactory.swift */; };
		1FD7FB3A2782030B00AD5BCA /* MockCountryRepository.swift in Sources */ = {isa = PBXBuildFile; fileRef = 1F1E1713277E0355007826AD /* MockCountryRepository.swift */; };
		1FD7FB3C278203A900AD5BCA /* CountryRowView.swift in Sources */ = {isa = PBXBuildFile; fileRef = 1FD7FB3B278203A900AD5BCA /* CountryRowView.swift */; };
		1FD7FB3D278203A900AD5BCA /* CountryRowView.swift in Sources */ = {isa = PBXBuildFile; fileRef = 1FD7FB3B278203A900AD5BCA /* CountryRowView.swift */; };
		1FD7FB3E27820F9F00AD5BCA /* countries.json in Resources */ = {isa = PBXBuildFile; fileRef = 1F1E1716277E03F5007826AD /* countries.json */; };
		1FD7FB40278215E200AD5BCA /* CountryRowViewModel.swift in Sources */ = {isa = PBXBuildFile; fileRef = 1FD7FB3F278215E200AD5BCA /* CountryRowViewModel.swift */; };
		1FD7FB41278215E200AD5BCA /* CountryRowViewModel.swift in Sources */ = {isa = PBXBuildFile; fileRef = 1FD7FB3F278215E200AD5BCA /* CountryRowViewModel.swift */; };
		1FD7FB4327824D0E00AD5BCA /* NetworkImageView.swift in Sources */ = {isa = PBXBuildFile; fileRef = 1FD7FB4227824D0E00AD5BCA /* NetworkImageView.swift */; };
		1FD7FB4427824D0E00AD5BCA /* NetworkImageView.swift in Sources */ = {isa = PBXBuildFile; fileRef = 1FD7FB4227824D0E00AD5BCA /* NetworkImageView.swift */; };
		1FD7FB46278251D700AD5BCA /* ImageLoader.swift in Sources */ = {isa = PBXBuildFile; fileRef = 1FD7FB45278251D700AD5BCA /* ImageLoader.swift */; };
		1FD7FB47278251D700AD5BCA /* ImageLoader.swift in Sources */ = {isa = PBXBuildFile; fileRef = 1FD7FB45278251D700AD5BCA /* ImageLoader.swift */; };
		1FE550AD27839FF0003AEA69 /* Colors.swift in Sources */ = {isa = PBXBuildFile; fileRef = 1FE550AC27839FF0003AEA69 /* Colors.swift */; };
		1FE550AE2783A051003AEA69 /* Colors.swift in Sources */ = {isa = PBXBuildFile; fileRef = 1FE550AC27839FF0003AEA69 /* Colors.swift */; };
		1FE550B32783AC5A003AEA69 /* HighlightedText.swift in Sources */ = {isa = PBXBuildFile; fileRef = 1FE550B22783AC5A003AEA69 /* HighlightedText.swift */; };
		1FE550B42783AC5A003AEA69 /* HighlightedText.swift in Sources */ = {isa = PBXBuildFile; fileRef = 1FE550B22783AC5A003AEA69 /* HighlightedText.swift */; };
		1FE550B62783CC1F003AEA69 /* CountryDetailView.swift in Sources */ = {isa = PBXBuildFile; fileRef = 1FE550B52783CC1F003AEA69 /* CountryDetailView.swift */; };
		1FE550B72783CC1F003AEA69 /* CountryDetailView.swift in Sources */ = {isa = PBXBuildFile; fileRef = 1FE550B52783CC1F003AEA69 /* CountryDetailView.swift */; };
/* End PBXBuildFile section */

/* Begin PBXContainerItemProxy section */
		1F1E16EF277DFF39007826AD /* PBXContainerItemProxy */ = {
			isa = PBXContainerItemProxy;
			containerPortal = 1F1E16D6277DFF37007826AD /* Project object */;
			proxyType = 1;
			remoteGlobalIDString = 1F1E16DD277DFF37007826AD;
			remoteInfo = CountryApp;
		};
		1F1E16F9277DFF39007826AD /* PBXContainerItemProxy */ = {
			isa = PBXContainerItemProxy;
			containerPortal = 1F1E16D6277DFF37007826AD /* Project object */;
			proxyType = 1;
			remoteGlobalIDString = 1F1E16DD277DFF37007826AD;
			remoteInfo = CountryApp;
		};
/* End PBXContainerItemProxy section */

/* Begin PBXFileReference section */
		1F1E16DE277DFF37007826AD /* CountryApp.app */ = {isa = PBXFileReference; explicitFileType = wrapper.application; includeInIndex = 0; path = CountryApp.app; sourceTree = BUILT_PRODUCTS_DIR; };
		1F1E16E1277DFF37007826AD /* CountryAppApp.swift */ = {isa = PBXFileReference; lastKnownFileType = sourcecode.swift; path = CountryAppApp.swift; sourceTree = "<group>"; };
		1F1E16E3277DFF37007826AD /* CountryListView.swift */ = {isa = PBXFileReference; lastKnownFileType = sourcecode.swift; path = CountryListView.swift; sourceTree = "<group>"; };
		1F1E16E5277DFF38007826AD /* Assets.xcassets */ = {isa = PBXFileReference; lastKnownFileType = folder.assetcatalog; path = Assets.xcassets; sourceTree = "<group>"; };
		1F1E16E8277DFF38007826AD /* Preview Assets.xcassets */ = {isa = PBXFileReference; lastKnownFileType = folder.assetcatalog; path = "Preview Assets.xcassets"; sourceTree = "<group>"; };
		1F1E16EE277DFF39007826AD /* CountryAppTests.xctest */ = {isa = PBXFileReference; explicitFileType = wrapper.cfbundle; includeInIndex = 0; path = CountryAppTests.xctest; sourceTree = BUILT_PRODUCTS_DIR; };
		1F1E16F2277DFF39007826AD /* CountryRepositoryTests.swift */ = {isa = PBXFileReference; lastKnownFileType = sourcecode.swift; path = CountryRepositoryTests.swift; sourceTree = "<group>"; };
		1F1E16F8277DFF39007826AD /* CountryAppUITests.xctest */ = {isa = PBXFileReference; explicitFileType = wrapper.cfbundle; includeInIndex = 0; path = CountryAppUITests.xctest; sourceTree = BUILT_PRODUCTS_DIR; };
		1F1E16FC277DFF39007826AD /* CountryAppUITests.swift */ = {isa = PBXFileReference; lastKnownFileType = sourcecode.swift; path = CountryAppUITests.swift; sourceTree = "<group>"; };
		1F1E16FE277DFF39007826AD /* CountryAppUITestsLaunchTests.swift */ = {isa = PBXFileReference; lastKnownFileType = sourcecode.swift; path = CountryAppUITestsLaunchTests.swift; sourceTree = "<group>"; };
		1F1E170F277E0016007826AD /* Country.swift */ = {isa = PBXFileReference; lastKnownFileType = sourcecode.swift; path = Country.swift; sourceTree = "<group>"; };
		1F1E1711277E021F007826AD /* CountryRepository.swift */ = {isa = PBXFileReference; lastKnownFileType = sourcecode.swift; path = CountryRepository.swift; sourceTree = "<group>"; };
		1F1E1713277E0355007826AD /* MockCountryRepository.swift */ = {isa = PBXFileReference; lastKnownFileType = sourcecode.swift; path = MockCountryRepository.swift; sourceTree = "<group>"; };
		1F1E1716277E03F5007826AD /* countries.json */ = {isa = PBXFileReference; lastKnownFileType = text.json; path = countries.json; sourceTree = "<group>"; };
		1F1E171A2780DC00007826AD /* Endpoint.swift */ = {isa = PBXFileReference; lastKnownFileType = sourcecode.swift; path = Endpoint.swift; sourceTree = "<group>"; };
		1F1E171E2780DE05007826AD /* APIError.swift */ = {isa = PBXFileReference; lastKnownFileType = sourcecode.swift; path = APIError.swift; sourceTree = "<group>"; };
		1F1E17222780DE7A007826AD /* ParameterEncoding.swift */ = {isa = PBXFileReference; lastKnownFileType = sourcecode.swift; path = ParameterEncoding.swift; sourceTree = "<group>"; };
		1F1E17252780E9BD007826AD /* APIClient.swift */ = {isa = PBXFileReference; lastKnownFileType = sourcecode.swift; path = APIClient.swift; sourceTree = "<group>"; };
		1F1E17292780EA75007826AD /* CountryRESTRepository.swift */ = {isa = PBXFileReference; lastKnownFileType = sourcecode.swift; path = CountryRESTRepository.swift; sourceTree = "<group>"; };
		1F1E172E2780EB88007826AD /* CountriesEndpoint.swift */ = {isa = PBXFileReference; lastKnownFileType = sourcecode.swift; path = CountriesEndpoint.swift; sourceTree = "<group>"; };
		1F1E17382780FC3C007826AD /* CountryRESTEndpointTests.swift */ = {isa = PBXFileReference; lastKnownFileType = sourcecode.swift; path = CountryRESTEndpointTests.swift; sourceTree = "<group>"; };
		1F22CF6127844B8F00AB7F4C /* CountryDetailViewModel.swift */ = {isa = PBXFileReference; lastKnownFileType = sourcecode.swift; path = CountryDetailViewModel.swift; sourceTree = "<group>"; };
		1F22CF642784617000AB7F4C /* ToggleViewButton.swift */ = {isa = PBXFileReference; lastKnownFileType = sourcecode.swift; path = ToggleViewButton.swift; sourceTree = "<group>"; };
		1F8A7DA8278302C200BD3421 /* CombineExtensions.swift */ = {isa = PBXFileReference; lastKnownFileType = sourcecode.swift; path = CombineExtensions.swift; sourceTree = "<group>"; };
		1F8A7DAB2783065100BD3421 /* ImageCacheError.swift */ = {isa = PBXFileReference; lastKnownFileType = sourcecode.swift; path = ImageCacheError.swift; sourceTree = "<group>"; };
		1F8A7DAE2783072100BD3421 /* ErrorView.swift */ = {isa = PBXFileReference; lastKnownFileType = sourcecode.swift; path = ErrorView.swift; sourceTree = "<group>"; };
		1F8A7DB22783081300BD3421 /* Localizable.strings */ = {isa = PBXFileReference; lastKnownFileType = text.plist.strings; path = Localizable.strings; sourceTree = "<group>"; };
		1F8A7DB52783083400BD3421 /* StringExtensions.swift */ = {isa = PBXFileReference; lastKnownFileType = sourcecode.swift; path = StringExtensions.swift; sourceTree = "<group>"; };
		1F8A7DB82783088F00BD3421 /* UserError.swift */ = {isa = PBXFileReference; lastKnownFileType = sourcecode.swift; path = UserError.swift; sourceTree = "<group>"; };
		1F8A7DBB27830FFD00BD3421 /* CountryListViewModelTests.swift */ = {isa = PBXFileReference; lastKnownFileType = sourcecode.swift; path = CountryListViewModelTests.swift; sourceTree = "<group>"; };
		1F8A7DBE2783185A00BD3421 /* CountryRowViewModelTests.swift */ = {isa = PBXFileReference; lastKnownFileType = sourcecode.swift; path = CountryRowViewModelTests.swift; sourceTree = "<group>"; };
		1FD7FB332781F22C00AD5BCA /* CountryListViewModel.swift */ = {isa = PBXFileReference; lastKnownFileType = sourcecode.swift; path = CountryListViewModel.swift; sourceTree = "<group>"; };
		1FD7FB372782027700AD5BCA /* CountryViewFactory.swift */ = {isa = PBXFileReference; lastKnownFileType = sourcecode.swift; path = CountryViewFactory.swift; sourceTree = "<group>"; };
		1FD7FB3B278203A900AD5BCA /* CountryRowView.swift */ = {isa = PBXFileReference; lastKnownFileType = sourcecode.swift; path = CountryRowView.swift; sourceTree = "<group>"; };
		1FD7FB3F278215E200AD5BCA /* CountryRowViewModel.swift */ = {isa = PBXFileReference; lastKnownFileType = sourcecode.swift; path = CountryRowViewModel.swift; sourceTree = "<group>"; };
		1FD7FB4227824D0E00AD5BCA /* NetworkImageView.swift */ = {isa = PBXFileReference; lastKnownFileType = sourcecode.swift; path = NetworkImageView.swift; sourceTree = "<group>"; };
		1FD7FB45278251D700AD5BCA /* ImageLoader.swift */ = {isa = PBXFileReference; lastKnownFileType = sourcecode.swift; path = ImageLoader.swift; sourceTree = "<group>"; };
		1FE550AC27839FF0003AEA69 /* Colors.swift */ = {isa = PBXFileReference; lastKnownFileType = sourcecode.swift; path = Colors.swift; sourceTree = "<group>"; };
		1FE550B22783AC5A003AEA69 /* HighlightedText.swift */ = {isa = PBXFileReference; lastKnownFileType = sourcecode.swift; path = HighlightedText.swift; sourceTree = "<group>"; };
		1FE550B52783CC1F003AEA69 /* CountryDetailView.swift */ = {isa = PBXFileReference; lastKnownFileType = sourcecode.swift; path = CountryDetailView.swift; sourceTree = "<group>"; };
/* End PBXFileReference section */

/* Begin PBXFrameworksBuildPhase section */
		1F1E16DB277DFF37007826AD /* Frameworks */ = {
			isa = PBXFrameworksBuildPhase;
			buildActionMask = 2147483647;
			files = (
			);
			runOnlyForDeploymentPostprocessing = 0;
		};
		1F1E16EB277DFF39007826AD /* Frameworks */ = {
			isa = PBXFrameworksBuildPhase;
			buildActionMask = 2147483647;
			files = (
			);
			runOnlyForDeploymentPostprocessing = 0;
		};
		1F1E16F5277DFF39007826AD /* Frameworks */ = {
			isa = PBXFrameworksBuildPhase;
			buildActionMask = 2147483647;
			files = (
			);
			runOnlyForDeploymentPostprocessing = 0;
		};
/* End PBXFrameworksBuildPhase section */

/* Begin PBXGroup section */
		1F1E16D5277DFF37007826AD = {
			isa = PBXGroup;
			children = (
				1F1E16E0277DFF37007826AD /* CountryApp */,
				1F1E16F1277DFF39007826AD /* CountryAppTests */,
				1F1E16FB277DFF39007826AD /* CountryAppUITests */,
				1F1E16DF277DFF37007826AD /* Products */,
			);
			sourceTree = "<group>";
		};
		1F1E16DF277DFF37007826AD /* Products */ = {
			isa = PBXGroup;
			children = (
				1F1E16DE277DFF37007826AD /* CountryApp.app */,
				1F1E16EE277DFF39007826AD /* CountryAppTests.xctest */,
				1F1E16F8277DFF39007826AD /* CountryAppUITests.xctest */,
			);
			name = Products;
			sourceTree = "<group>";
		};
		1F1E16E0277DFF37007826AD /* CountryApp */ = {
			isa = PBXGroup;
			children = (
				1F8A7DB1278307FD00BD3421 /* Resources */,
				1F1E17342780EECB007826AD /* Utils & Extensions */,
				1F1E171D2780DDAF007826AD /* Errors */,
				1F1E17182780DBB8007826AD /* Networking */,
				1F1E170E277DFF9A007826AD /* ViewModels */,
				1F1E170D277DFF93007826AD /* Views */,
				1F1E170C277DFF86007826AD /* Repositories */,
				1F1E170B277DFF76007826AD /* Models */,
				1F1E16E1277DFF37007826AD /* CountryAppApp.swift */,
				1F1E16E5277DFF38007826AD /* Assets.xcassets */,
				1F1E16E7277DFF38007826AD /* Preview Content */,
			);
			path = CountryApp;
			sourceTree = "<group>";
		};
		1F1E16E7277DFF38007826AD /* Preview Content */ = {
			isa = PBXGroup;
			children = (
				1F1E16E8277DFF38007826AD /* Preview Assets.xcassets */,
			);
			path = "Preview Content";
			sourceTree = "<group>";
		};
		1F1E16F1277DFF39007826AD /* CountryAppTests */ = {
			isa = PBXGroup;
			children = (
				1F1E1715277E03CF007826AD /* MockData */,
				1F1E16F2277DFF39007826AD /* CountryRepositoryTests.swift */,
				1F8A7DBB27830FFD00BD3421 /* CountryListViewModelTests.swift */,
				1F8A7DBE2783185A00BD3421 /* CountryRowViewModelTests.swift */,
				1F1E1713277E0355007826AD /* MockCountryRepository.swift */,
				1F1E17382780FC3C007826AD /* CountryRESTEndpointTests.swift */,
			);
			path = CountryAppTests;
			sourceTree = "<group>";
		};
		1F1E16FB277DFF39007826AD /* CountryAppUITests */ = {
			isa = PBXGroup;
			children = (
				1F1E16FC277DFF39007826AD /* CountryAppUITests.swift */,
				1F1E16FE277DFF39007826AD /* CountryAppUITestsLaunchTests.swift */,
			);
			path = CountryAppUITests;
			sourceTree = "<group>";
		};
		1F1E170B277DFF76007826AD /* Models */ = {
			isa = PBXGroup;
			children = (
				1F1E170F277E0016007826AD /* Country.swift */,
			);
			path = Models;
			sourceTree = "<group>";
		};
		1F1E170C277DFF86007826AD /* Repositories */ = {
			isa = PBXGroup;
			children = (
				1F1E17282780EA63007826AD /* REST */,
				1F1E1711277E021F007826AD /* CountryRepository.swift */,
			);
			path = Repositories;
			sourceTree = "<group>";
		};
		1F1E170D277DFF93007826AD /* Views */ = {
			isa = PBXGroup;
			children = (
				1FD7FB362782026200AD5BCA /* Factories */,
				1F1E16E3277DFF37007826AD /* CountryListView.swift */,
				1FD7FB3B278203A900AD5BCA /* CountryRowView.swift */,
				1FE550B52783CC1F003AEA69 /* CountryDetailView.swift */,
				1FD7FB4227824D0E00AD5BCA /* NetworkImageView.swift */,
				1F8A7DAE2783072100BD3421 /* ErrorView.swift */,
				1FE550B22783AC5A003AEA69 /* HighlightedText.swift */,
			);
			path = Views;
			sourceTree = "<group>";
		};
		1F1E170E277DFF9A007826AD /* ViewModels */ = {
			isa = PBXGroup;
			children = (
				1FD7FB332781F22C00AD5BCA /* CountryListViewModel.swift */,
				1FD7FB3F278215E200AD5BCA /* CountryRowViewModel.swift */,
				1F22CF6127844B8F00AB7F4C /* CountryDetailViewModel.swift */,
			);
			path = ViewModels;
			sourceTree = "<group>";
		};
		1F1E1715277E03CF007826AD /* MockData */ = {
			isa = PBXGroup;
			children = (
				1F1E1716277E03F5007826AD /* countries.json */,
			);
			path = MockData;
			sourceTree = "<group>";
		};
		1F1E17182780DBB8007826AD /* Networking */ = {
			isa = PBXGroup;
			children = (
				1F1E17212780DE62007826AD /* Encoding */,
				1F1E17252780E9BD007826AD /* APIClient.swift */,
			);
			path = Networking;
			sourceTree = "<group>";
		};
		1F1E171D2780DDAF007826AD /* Errors */ = {
			isa = PBXGroup;
			children = (
				1F1E171E2780DE05007826AD /* APIError.swift */,
				1F8A7DAB2783065100BD3421 /* ImageCacheError.swift */,
				1F8A7DB82783088F00BD3421 /* UserError.swift */,
			);
			path = Errors;
			sourceTree = "<group>";
		};
		1F1E17212780DE62007826AD /* Encoding */ = {
			isa = PBXGroup;
			children = (
				1F1E17222780DE7A007826AD /* ParameterEncoding.swift */,
			);
			path = Encoding;
			sourceTree = "<group>";
		};
		1F1E17282780EA63007826AD /* REST */ = {
			isa = PBXGroup;
			children = (
				1F1E172D2780EB72007826AD /* Endpoints */,
				1F1E17292780EA75007826AD /* CountryRESTRepository.swift */,
			);
			path = REST;
			sourceTree = "<group>";
		};
		1F1E172D2780EB72007826AD /* Endpoints */ = {
			isa = PBXGroup;
			children = (
				1F1E171A2780DC00007826AD /* Endpoint.swift */,
				1F1E172E2780EB88007826AD /* CountriesEndpoint.swift */,
			);
			path = Endpoints;
			sourceTree = "<group>";
		};
		1F1E17342780EECB007826AD /* Utils & Extensions */ = {
			isa = PBXGroup;
			children = (
				1FD7FB45278251D700AD5BCA /* ImageLoader.swift */,
				1F8A7DA8278302C200BD3421 /* CombineExtensions.swift */,
				1F8A7DB52783083400BD3421 /* StringExtensions.swift */,
				1FE550AC27839FF0003AEA69 /* Colors.swift */,
				1F22CF642784617000AB7F4C /* ToggleViewButton.swift */,
			);
			path = "Utils & Extensions";
			sourceTree = "<group>";
		};
		1F8A7DB1278307FD00BD3421 /* Resources */ = {
			isa = PBXGroup;
			children = (
				1F8A7DB22783081300BD3421 /* Localizable.strings */,
			);
			path = Resources;
			sourceTree = "<group>";
		};
		1FD7FB362782026200AD5BCA /* Factories */ = {
			isa = PBXGroup;
			children = (
				1FD7FB372782027700AD5BCA /* CountryViewFactory.swift */,
			);
			path = Factories;
			sourceTree = "<group>";
		};
/* End PBXGroup section */

/* Begin PBXNativeTarget section */
		1F1E16DD277DFF37007826AD /* CountryApp */ = {
			isa = PBXNativeTarget;
			buildConfigurationList = 1F1E1702277DFF39007826AD /* Build configuration list for PBXNativeTarget "CountryApp" */;
			buildPhases = (
				1F1E16DA277DFF37007826AD /* Sources */,
				1F1E16DB277DFF37007826AD /* Frameworks */,
				1F1E16DC277DFF37007826AD /* Resources */,
			);
			buildRules = (
			);
			dependencies = (
			);
			name = CountryApp;
			productName = CountryApp;
			productReference = 1F1E16DE277DFF37007826AD /* CountryApp.app */;
			productType = "com.apple.product-type.application";
		};
		1F1E16ED277DFF39007826AD /* CountryAppTests */ = {
			isa = PBXNativeTarget;
			buildConfigurationList = 1F1E1705277DFF39007826AD /* Build configuration list for PBXNativeTarget "CountryAppTests" */;
			buildPhases = (
				1F1E16EA277DFF39007826AD /* Sources */,
				1F1E16EB277DFF39007826AD /* Frameworks */,
				1F1E16EC277DFF39007826AD /* Resources */,
			);
			buildRules = (
			);
			dependencies = (
				1F1E16F0277DFF39007826AD /* PBXTargetDependency */,
			);
			name = CountryAppTests;
			productName = CountryAppTests;
			productReference = 1F1E16EE277DFF39007826AD /* CountryAppTests.xctest */;
			productType = "com.apple.product-type.bundle.unit-test";
		};
		1F1E16F7277DFF39007826AD /* CountryAppUITests */ = {
			isa = PBXNativeTarget;
			buildConfigurationList = 1F1E1708277DFF39007826AD /* Build configuration list for PBXNativeTarget "CountryAppUITests" */;
			buildPhases = (
				1F1E16F4277DFF39007826AD /* Sources */,
				1F1E16F5277DFF39007826AD /* Frameworks */,
				1F1E16F6277DFF39007826AD /* Resources */,
			);
			buildRules = (
			);
			dependencies = (
				1F1E16FA277DFF39007826AD /* PBXTargetDependency */,
			);
			name = CountryAppUITests;
			productName = CountryAppUITests;
			productReference = 1F1E16F8277DFF39007826AD /* CountryAppUITests.xctest */;
			productType = "com.apple.product-type.bundle.ui-testing";
		};
/* End PBXNativeTarget section */

/* Begin PBXProject section */
		1F1E16D6277DFF37007826AD /* Project object */ = {
			isa = PBXProject;
			attributes = {
				BuildIndependentTargetsInParallel = 1;
				LastSwiftUpdateCheck = 1320;
				LastUpgradeCheck = 1320;
				TargetAttributes = {
					1F1E16DD277DFF37007826AD = {
						CreatedOnToolsVersion = 13.2.1;
					};
					1F1E16ED277DFF39007826AD = {
						CreatedOnToolsVersion = 13.2.1;
						TestTargetID = 1F1E16DD277DFF37007826AD;
					};
					1F1E16F7277DFF39007826AD = {
						CreatedOnToolsVersion = 13.2.1;
						TestTargetID = 1F1E16DD277DFF37007826AD;
					};
				};
			};
			buildConfigurationList = 1F1E16D9277DFF37007826AD /* Build configuration list for PBXProject "CountryApp" */;
			compatibilityVersion = "Xcode 13.0";
			developmentRegion = en;
			hasScannedForEncodings = 0;
			knownRegions = (
				en,
				Base,
			);
			mainGroup = 1F1E16D5277DFF37007826AD;
			productRefGroup = 1F1E16DF277DFF37007826AD /* Products */;
			projectDirPath = "";
			projectRoot = "";
			targets = (
				1F1E16DD277DFF37007826AD /* CountryApp */,
				1F1E16ED277DFF39007826AD /* CountryAppTests */,
				1F1E16F7277DFF39007826AD /* CountryAppUITests */,
			);
		};
/* End PBXProject section */

/* Begin PBXResourcesBuildPhase section */
		1F1E16DC277DFF37007826AD /* Resources */ = {
			isa = PBXResourcesBuildPhase;
			buildActionMask = 2147483647;
			files = (
				1FD7FB3E27820F9F00AD5BCA /* countries.json in Resources */,
				1F8A7DB32783081300BD3421 /* Localizable.strings in Resources */,
				1F1E16E9277DFF38007826AD /* Preview Assets.xcassets in Resources */,
				1F1E16E6277DFF38007826AD /* Assets.xcassets in Resources */,
			);
			runOnlyForDeploymentPostprocessing = 0;
		};
		1F1E16EC277DFF39007826AD /* Resources */ = {
			isa = PBXResourcesBuildPhase;
			buildActionMask = 2147483647;
			files = (
				1F1E1717277E03F5007826AD /* countries.json in Resources */,
				1F8A7DB42783081300BD3421 /* Localizable.strings in Resources */,
			);
			runOnlyForDeploymentPostprocessing = 0;
		};
		1F1E16F6277DFF39007826AD /* Resources */ = {
			isa = PBXResourcesBuildPhase;
			buildActionMask = 2147483647;
			files = (
			);
			runOnlyForDeploymentPostprocessing = 0;
		};
/* End PBXResourcesBuildPhase section */

/* Begin PBXSourcesBuildPhase section */
		1F1E16DA277DFF37007826AD /* Sources */ = {
			isa = PBXSourcesBuildPhase;
			buildActionMask = 2147483647;
			files = (
				1F1E172A2780EA75007826AD /* CountryRESTRepository.swift in Sources */,
				1FD7FB4327824D0E00AD5BCA /* NetworkImageView.swift in Sources */,
				1F1E17232780DE7A007826AD /* ParameterEncoding.swift in Sources */,
				1F8A7DB62783083400BD3421 /* StringExtensions.swift in Sources */,
				1FD7FB3C278203A900AD5BCA /* CountryRowView.swift in Sources */,
				1F8A7DB92783088F00BD3421 /* UserError.swift in Sources */,
				1F22CF652784617000AB7F4C /* ToggleViewButton.swift in Sources */,
				1F1E16E4277DFF37007826AD /* CountryListView.swift in Sources */,
				1F1E1710277E0016007826AD /* Country.swift in Sources */,
				1FD7FB3A2782030B00AD5BCA /* MockCountryRepository.swift in Sources */,
				1FE550B62783CC1F003AEA69 /* CountryDetailView.swift in Sources */,
				1F1E17262780E9BD007826AD /* APIClient.swift in Sources */,
				1FD7FB382782027700AD5BCA /* CountryViewFactory.swift in Sources */,
				1F1E1712277E021F007826AD /* CountryRepository.swift in Sources */,
				1F1E16E2277DFF37007826AD /* CountryAppApp.swift in Sources */,
				1F22CF6227844B8F00AB7F4C /* CountryDetailViewModel.swift in Sources */,
				1FE550AD27839FF0003AEA69 /* Colors.swift in Sources */,
				1FD7FB46278251D700AD5BCA /* ImageLoader.swift in Sources */,
				1F1E171B2780DC00007826AD /* Endpoint.swift in Sources */,
				1FD7FB40278215E200AD5BCA /* CountryRowViewModel.swift in Sources */,
				1FD7FB342781F22C00AD5BCA /* CountryListViewModel.swift in Sources */,
				1F8A7DAF2783072100BD3421 /* ErrorView.swift in Sources */,
				1F8A7DAC2783065100BD3421 /* ImageCacheError.swift in Sources */,
				1F8A7DA9278302C200BD3421 /* CombineExtensions.swift in Sources */,
				1F1E171F2780DE05007826AD /* APIError.swift in Sources */,
				1FE550B32783AC5A003AEA69 /* HighlightedText.swift in Sources */,
				1F1E172F2780EB88007826AD /* CountriesEndpoint.swift in Sources */,
			);
			runOnlyForDeploymentPostprocessing = 0;
		};
		1F1E16EA277DFF39007826AD /* Sources */ = {
			isa = PBXSourcesBuildPhase;
			buildActionMask = 2147483647;
			files = (
				1FE550B72783CC1F003AEA69 /* CountryDetailView.swift in Sources */,
				1F1E1714277E0355007826AD /* MockCountryRepository.swift in Sources */,
				1FD7FB4427824D0E00AD5BCA /* NetworkImageView.swift in Sources */,
				1F1E17202780DE05007826AD /* APIError.swift in Sources */,
				1F22CF6327844B8F00AB7F4C /* CountryDetailViewModel.swift in Sources */,
				1F8A7DB72783083400BD3421 /* StringExtensions.swift in Sources */,
				1FD7FB3D278203A900AD5BCA /* CountryRowView.swift in Sources */,
				1F8A7DBA2783088F00BD3421 /* UserError.swift in Sources */,
				1F8A7DBF2783185A00BD3421 /* CountryRowViewModelTests.swift in Sources */,
				1F1E17242780DE7A007826AD /* ParameterEncoding.swift in Sources */,
				1F8A7DBC27830FFD00BD3421 /* CountryListViewModelTests.swift in Sources */,
				1F1E172B2780EA75007826AD /* CountryRESTRepository.swift in Sources */,
				1F22CF662784617000AB7F4C /* ToggleViewButton.swift in Sources */,
				1F1E17322780EE6D007826AD /* CountryRepository.swift in Sources */,
				1FD7FB392782027700AD5BCA /* CountryViewFactory.swift in Sources */,
				1F8A7DBD278313E200BD3421 /* CountryListView.swift in Sources */,
				1F1E171C2780DC00007826AD /* Endpoint.swift in Sources */,
				1F1E17392780FC3C007826AD /* CountryRESTEndpointTests.swift in Sources */,
				1FD7FB352781F22C00AD5BCA /* CountryListViewModel.swift in Sources */,
				1FD7FB47278251D700AD5BCA /* ImageLoader.swift in Sources */,
				1F1E16F3277DFF39007826AD /* CountryRepositoryTests.swift in Sources */,
				1FD7FB41278215E200AD5BCA /* CountryRowViewModel.swift in Sources */,
				1F1E17272780E9BD007826AD /* APIClient.swift in Sources */,
				1F8A7DB02783072100BD3421 /* ErrorView.swift in Sources */,
				1FE550AE2783A051003AEA69 /* Colors.swift in Sources */,
				1F8A7DAD2783065100BD3421 /* ImageCacheError.swift in Sources */,
				1F8A7DAA278302C200BD3421 /* CombineExtensions.swift in Sources */,
				1F1E17332780EE76007826AD /* Country.swift in Sources */,
				1FE550B42783AC5A003AEA69 /* HighlightedText.swift in Sources */,
				1F1E17302780EB88007826AD /* CountriesEndpoint.swift in Sources */,
			);
			runOnlyForDeploymentPostprocessing = 0;
		};
		1F1E16F4277DFF39007826AD /* Sources */ = {
			isa = PBXSourcesBuildPhase;
			buildActionMask = 2147483647;
			files = (
				1F1E16FD277DFF39007826AD /* CountryAppUITests.swift in Sources */,
				1F1E16FF277DFF39007826AD /* CountryAppUITestsLaunchTests.swift in Sources */,
			);
			runOnlyForDeploymentPostprocessing = 0;
		};
/* End PBXSourcesBuildPhase section */

/* Begin PBXTargetDependency section */
		1F1E16F0277DFF39007826AD /* PBXTargetDependency */ = {
			isa = PBXTargetDependency;
			target = 1F1E16DD277DFF37007826AD /* CountryApp */;
			targetProxy = 1F1E16EF277DFF39007826AD /* PBXContainerItemProxy */;
		};
		1F1E16FA277DFF39007826AD /* PBXTargetDependency */ = {
			isa = PBXTargetDependency;
			target = 1F1E16DD277DFF37007826AD /* CountryApp */;
			targetProxy = 1F1E16F9277DFF39007826AD /* PBXContainerItemProxy */;
		};
/* End PBXTargetDependency section */

/* Begin XCBuildConfiguration section */
		1F1E1700277DFF39007826AD /* Debug */ = {
			isa = XCBuildConfiguration;
			buildSettings = {
				ALWAYS_SEARCH_USER_PATHS = NO;
				CLANG_ANALYZER_NONNULL = YES;
				CLANG_ANALYZER_NUMBER_OBJECT_CONVERSION = YES_AGGRESSIVE;
				CLANG_CXX_LANGUAGE_STANDARD = "gnu++17";
				CLANG_CXX_LIBRARY = "libc++";
				CLANG_ENABLE_MODULES = YES;
				CLANG_ENABLE_OBJC_ARC = YES;
				CLANG_ENABLE_OBJC_WEAK = YES;
				CLANG_WARN_BLOCK_CAPTURE_AUTORELEASING = YES;
				CLANG_WARN_BOOL_CONVERSION = YES;
				CLANG_WARN_COMMA = YES;
				CLANG_WARN_CONSTANT_CONVERSION = YES;
				CLANG_WARN_DEPRECATED_OBJC_IMPLEMENTATIONS = YES;
				CLANG_WARN_DIRECT_OBJC_ISA_USAGE = YES_ERROR;
				CLANG_WARN_DOCUMENTATION_COMMENTS = YES;
				CLANG_WARN_EMPTY_BODY = YES;
				CLANG_WARN_ENUM_CONVERSION = YES;
				CLANG_WARN_INFINITE_RECURSION = YES;
				CLANG_WARN_INT_CONVERSION = YES;
				CLANG_WARN_NON_LITERAL_NULL_CONVERSION = YES;
				CLANG_WARN_OBJC_IMPLICIT_RETAIN_SELF = YES;
				CLANG_WARN_OBJC_LITERAL_CONVERSION = YES;
				CLANG_WARN_OBJC_ROOT_CLASS = YES_ERROR;
				CLANG_WARN_QUOTED_INCLUDE_IN_FRAMEWORK_HEADER = YES;
				CLANG_WARN_RANGE_LOOP_ANALYSIS = YES;
				CLANG_WARN_STRICT_PROTOTYPES = YES;
				CLANG_WARN_SUSPICIOUS_MOVE = YES;
				CLANG_WARN_UNGUARDED_AVAILABILITY = YES_AGGRESSIVE;
				CLANG_WARN_UNREACHABLE_CODE = YES;
				CLANG_WARN__DUPLICATE_METHOD_MATCH = YES;
				COPY_PHASE_STRIP = NO;
				DEBUG_INFORMATION_FORMAT = dwarf;
				ENABLE_STRICT_OBJC_MSGSEND = YES;
				ENABLE_TESTABILITY = YES;
				GCC_C_LANGUAGE_STANDARD = gnu11;
				GCC_DYNAMIC_NO_PIC = NO;
				GCC_NO_COMMON_BLOCKS = YES;
				GCC_OPTIMIZATION_LEVEL = 0;
				GCC_PREPROCESSOR_DEFINITIONS = (
					"DEBUG=1",
					"$(inherited)",
				);
				GCC_WARN_64_TO_32_BIT_CONVERSION = YES;
				GCC_WARN_ABOUT_RETURN_TYPE = YES_ERROR;
				GCC_WARN_UNDECLARED_SELECTOR = YES;
				GCC_WARN_UNINITIALIZED_AUTOS = YES_AGGRESSIVE;
				GCC_WARN_UNUSED_FUNCTION = YES;
				GCC_WARN_UNUSED_VARIABLE = YES;
				IPHONEOS_DEPLOYMENT_TARGET = 15.2;
				MTL_ENABLE_DEBUG_INFO = INCLUDE_SOURCE;
				MTL_FAST_MATH = YES;
				ONLY_ACTIVE_ARCH = YES;
				SDKROOT = iphoneos;
				SWIFT_ACTIVE_COMPILATION_CONDITIONS = DEBUG;
				SWIFT_OPTIMIZATION_LEVEL = "-Onone";
			};
			name = Debug;
		};
		1F1E1701277DFF39007826AD /* Release */ = {
			isa = XCBuildConfiguration;
			buildSettings = {
				ALWAYS_SEARCH_USER_PATHS = NO;
				CLANG_ANALYZER_NONNULL = YES;
				CLANG_ANALYZER_NUMBER_OBJECT_CONVERSION = YES_AGGRESSIVE;
				CLANG_CXX_LANGUAGE_STANDARD = "gnu++17";
				CLANG_CXX_LIBRARY = "libc++";
				CLANG_ENABLE_MODULES = YES;
				CLANG_ENABLE_OBJC_ARC = YES;
				CLANG_ENABLE_OBJC_WEAK = YES;
				CLANG_WARN_BLOCK_CAPTURE_AUTORELEASING = YES;
				CLANG_WARN_BOOL_CONVERSION = YES;
				CLANG_WARN_COMMA = YES;
				CLANG_WARN_CONSTANT_CONVERSION = YES;
				CLANG_WARN_DEPRECATED_OBJC_IMPLEMENTATIONS = YES;
				CLANG_WARN_DIRECT_OBJC_ISA_USAGE = YES_ERROR;
				CLANG_WARN_DOCUMENTATION_COMMENTS = YES;
				CLANG_WARN_EMPTY_BODY = YES;
				CLANG_WARN_ENUM_CONVERSION = YES;
				CLANG_WARN_INFINITE_RECURSION = YES;
				CLANG_WARN_INT_CONVERSION = YES;
				CLANG_WARN_NON_LITERAL_NULL_CONVERSION = YES;
				CLANG_WARN_OBJC_IMPLICIT_RETAIN_SELF = YES;
				CLANG_WARN_OBJC_LITERAL_CONVERSION = YES;
				CLANG_WARN_OBJC_ROOT_CLASS = YES_ERROR;
				CLANG_WARN_QUOTED_INCLUDE_IN_FRAMEWORK_HEADER = YES;
				CLANG_WARN_RANGE_LOOP_ANALYSIS = YES;
				CLANG_WARN_STRICT_PROTOTYPES = YES;
				CLANG_WARN_SUSPICIOUS_MOVE = YES;
				CLANG_WARN_UNGUARDED_AVAILABILITY = YES_AGGRESSIVE;
				CLANG_WARN_UNREACHABLE_CODE = YES;
				CLANG_WARN__DUPLICATE_METHOD_MATCH = YES;
				COPY_PHASE_STRIP = NO;
				DEBUG_INFORMATION_FORMAT = "dwarf-with-dsym";
				ENABLE_NS_ASSERTIONS = NO;
				ENABLE_STRICT_OBJC_MSGSEND = YES;
				GCC_C_LANGUAGE_STANDARD = gnu11;
				GCC_NO_COMMON_BLOCKS = YES;
				GCC_WARN_64_TO_32_BIT_CONVERSION = YES;
				GCC_WARN_ABOUT_RETURN_TYPE = YES_ERROR;
				GCC_WARN_UNDECLARED_SELECTOR = YES;
				GCC_WARN_UNINITIALIZED_AUTOS = YES_AGGRESSIVE;
				GCC_WARN_UNUSED_FUNCTION = YES;
				GCC_WARN_UNUSED_VARIABLE = YES;
				IPHONEOS_DEPLOYMENT_TARGET = 15.2;
				MTL_ENABLE_DEBUG_INFO = NO;
				MTL_FAST_MATH = YES;
				SDKROOT = iphoneos;
				SWIFT_COMPILATION_MODE = wholemodule;
				SWIFT_OPTIMIZATION_LEVEL = "-O";
				VALIDATE_PRODUCT = YES;
			};
			name = Release;
		};
		1F1E1703277DFF39007826AD /* Debug */ = {
			isa = XCBuildConfiguration;
			buildSettings = {
				ASSETCATALOG_COMPILER_APPICON_NAME = AppIcon;
				ASSETCATALOG_COMPILER_GLOBAL_ACCENT_COLOR_NAME = AccentColor;
				CODE_SIGN_STYLE = Automatic;
				CURRENT_PROJECT_VERSION = 1;
				DEVELOPMENT_ASSET_PATHS = "\"CountryApp/Preview Content\"";
				DEVELOPMENT_TEAM = 284M42BD2D;
				ENABLE_PREVIEWS = YES;
				GENERATE_INFOPLIST_FILE = YES;
				INFOPLIST_KEY_UIApplicationSceneManifest_Generation = YES;
				INFOPLIST_KEY_UIApplicationSupportsIndirectInputEvents = YES;
				INFOPLIST_KEY_UILaunchScreen_Generation = YES;
				INFOPLIST_KEY_UISupportedInterfaceOrientations_iPad = "UIInterfaceOrientationPortrait UIInterfaceOrientationPortraitUpsideDown UIInterfaceOrientationLandscapeLeft UIInterfaceOrientationLandscapeRight";
				INFOPLIST_KEY_UISupportedInterfaceOrientations_iPhone = "UIInterfaceOrientationPortrait UIInterfaceOrientationLandscapeLeft UIInterfaceOrientationLandscapeRight";
				LD_RUNPATH_SEARCH_PATHS = (
					"$(inherited)",
					"@executable_path/Frameworks",
				);
				MARKETING_VERSION = 1.0;
				PRODUCT_BUNDLE_IDENTIFIER = com.giovanni.CountryApp;
				PRODUCT_NAME = "$(TARGET_NAME)";
				SWIFT_EMIT_LOC_STRINGS = YES;
				SWIFT_VERSION = 5.0;
				TARGETED_DEVICE_FAMILY = 1;
			};
			name = Debug;
		};
		1F1E1704277DFF39007826AD /* Release */ = {
			isa = XCBuildConfiguration;
			buildSettings = {
				ASSETCATALOG_COMPILER_APPICON_NAME = AppIcon;
				ASSETCATALOG_COMPILER_GLOBAL_ACCENT_COLOR_NAME = AccentColor;
				CODE_SIGN_STYLE = Automatic;
				CURRENT_PROJECT_VERSION = 1;
				DEVELOPMENT_ASSET_PATHS = "\"CountryApp/Preview Content\"";
				DEVELOPMENT_TEAM = 284M42BD2D;
				ENABLE_PREVIEWS = YES;
				GENERATE_INFOPLIST_FILE = YES;
				INFOPLIST_KEY_UIApplicationSceneManifest_Generation = YES;
				INFOPLIST_KEY_UIApplicationSupportsIndirectInputEvents = YES;
				INFOPLIST_KEY_UILaunchScreen_Generation = YES;
				INFOPLIST_KEY_UISupportedInterfaceOrientations_iPad = "UIInterfaceOrientationPortrait UIInterfaceOrientationPortraitUpsideDown UIInterfaceOrientationLandscapeLeft UIInterfaceOrientationLandscapeRight";
				INFOPLIST_KEY_UISupportedInterfaceOrientations_iPhone = "UIInterfaceOrientationPortrait UIInterfaceOrientationLandscapeLeft UIInterfaceOrientationLandscapeRight";
				LD_RUNPATH_SEARCH_PATHS = (
					"$(inherited)",
					"@executable_path/Frameworks",
				);
				MARKETING_VERSION = 1.0;
				PRODUCT_BUNDLE_IDENTIFIER = com.giovanni.CountryApp;
				PRODUCT_NAME = "$(TARGET_NAME)";
				SWIFT_EMIT_LOC_STRINGS = YES;
				SWIFT_VERSION = 5.0;
				TARGETED_DEVICE_FAMILY = 1;
			};
			name = Release;
		};
		1F1E1706277DFF39007826AD /* Debug */ = {
			isa = XCBuildConfiguration;
			buildSettings = {
				ALWAYS_EMBED_SWIFT_STANDARD_LIBRARIES = YES;
				BUNDLE_LOADER = "$(TEST_HOST)";
				CODE_SIGN_STYLE = Automatic;
				CURRENT_PROJECT_VERSION = 1;
				DEVELOPMENT_TEAM = 284M42BD2D;
				GENERATE_INFOPLIST_FILE = YES;
				IPHONEOS_DEPLOYMENT_TARGET = 15.2;
				MARKETING_VERSION = 1.0;
				PRODUCT_BUNDLE_IDENTIFIER = com.giovanni.CountryAppTests;
				PRODUCT_NAME = "$(TARGET_NAME)";
				SWIFT_EMIT_LOC_STRINGS = NO;
				SWIFT_VERSION = 5.0;
				TARGETED_DEVICE_FAMILY = "1,2";
				TEST_HOST = "$(BUILT_PRODUCTS_DIR)/CountryApp.app/CountryApp";
			};
			name = Debug;
		};
		1F1E1707277DFF39007826AD /* Release */ = {
			isa = XCBuildConfiguration;
			buildSettings = {
				ALWAYS_EMBED_SWIFT_STANDARD_LIBRARIES = YES;
				BUNDLE_LOADER = "$(TEST_HOST)";
				CODE_SIGN_STYLE = Automatic;
				CURRENT_PROJECT_VERSION = 1;
				DEVELOPMENT_TEAM = 284M42BD2D;
				GENERATE_INFOPLIST_FILE = YES;
				IPHONEOS_DEPLOYMENT_TARGET = 15.2;
				MARKETING_VERSION = 1.0;
				PRODUCT_BUNDLE_IDENTIFIER = com.giovanni.CountryAppTests;
				PRODUCT_NAME = "$(TARGET_NAME)";
				SWIFT_EMIT_LOC_STRINGS = NO;
				SWIFT_VERSION = 5.0;
				TARGETED_DEVICE_FAMILY = "1,2";
				TEST_HOST = "$(BUILT_PRODUCTS_DIR)/CountryApp.app/CountryApp";
			};
			name = Release;
		};
		1F1E1709277DFF39007826AD /* Debug */ = {
			isa = XCBuildConfiguration;
			buildSettings = {
				ALWAYS_EMBED_SWIFT_STANDARD_LIBRARIES = YES;
				CODE_SIGN_STYLE = Automatic;
				CURRENT_PROJECT_VERSION = 1;
				DEVELOPMENT_TEAM = 284M42BD2D;
				GENERATE_INFOPLIST_FILE = YES;
				MARKETING_VERSION = 1.0;
				PRODUCT_BUNDLE_IDENTIFIER = com.giovanni.CountryAppUITests;
				PRODUCT_NAME = "$(TARGET_NAME)";
				SWIFT_EMIT_LOC_STRINGS = NO;
				SWIFT_VERSION = 5.0;
				TARGETED_DEVICE_FAMILY = "1,2";
				TEST_TARGET_NAME = CountryApp;
			};
			name = Debug;
		};
		1F1E170A277DFF39007826AD /* Release */ = {
			isa = XCBuildConfiguration;
			buildSettings = {
				ALWAYS_EMBED_SWIFT_STANDARD_LIBRARIES = YES;
				CODE_SIGN_STYLE = Automatic;
				CURRENT_PROJECT_VERSION = 1;
				DEVELOPMENT_TEAM = 284M42BD2D;
				GENERATE_INFOPLIST_FILE = YES;
				MARKETING_VERSION = 1.0;
				PRODUCT_BUNDLE_IDENTIFIER = com.giovanni.CountryAppUITests;
				PRODUCT_NAME = "$(TARGET_NAME)";
				SWIFT_EMIT_LOC_STRINGS = NO;
				SWIFT_VERSION = 5.0;
				TARGETED_DEVICE_FAMILY = "1,2";
				TEST_TARGET_NAME = CountryApp;
			};
			name = Release;
		};
/* End XCBuildConfiguration section */

/* Begin XCConfigurationList section */
		1F1E16D9277DFF37007826AD /* Build configuration list for PBXProject "CountryApp" */ = {
			isa = XCConfigurationList;
			buildConfigurations = (
				1F1E1700277DFF39007826AD /* Debug */,
				1F1E1701277DFF39007826AD /* Release */,
			);
			defaultConfigurationIsVisible = 0;
			defaultConfigurationName = Release;
		};
		1F1E1702277DFF39007826AD /* Build configuration list for PBXNativeTarget "CountryApp" */ = {
			isa = XCConfigurationList;
			buildConfigurations = (
				1F1E1703277DFF39007826AD /* Debug */,
				1F1E1704277DFF39007826AD /* Release */,
			);
			defaultConfigurationIsVisible = 0;
			defaultConfigurationName = Release;
		};
		1F1E1705277DFF39007826AD /* Build configuration list for PBXNativeTarget "CountryAppTests" */ = {
			isa = XCConfigurationList;
			buildConfigurations = (
				1F1E1706277DFF39007826AD /* Debug */,
				1F1E1707277DFF39007826AD /* Release */,
			);
			defaultConfigurationIsVisible = 0;
			defaultConfigurationName = Release;
		};
		1F1E1708277DFF39007826AD /* Build configuration list for PBXNativeTarget "CountryAppUITests" */ = {
			isa = XCConfigurationList;
			buildConfigurations = (
				1F1E1709277DFF39007826AD /* Debug */,
				1F1E170A277DFF39007826AD /* Release */,
			);
			defaultConfigurationIsVisible = 0;
			defaultConfigurationName = Release;
		};
/* End XCConfigurationList section */
	};
	rootObject = 1F1E16D6277DFF37007826AD /* Project object */;
}
