// !$*UTF8*$!
{
	archiveVersion = 1;
	classes = {
	};
	objectVersion = 55;
	objects = {

/* Begin PBXBuildFile section */
		1F1E16E2277DFF37007826AD /* CountryAppApp.swift in Sources */ = {isa = PBXBuildFile; fileRef = 1F1E16E1277DFF37007826AD /* CountryAppApp.swift */; };
		1F1E16E4277DFF37007826AD /* ContentView.swift in Sources */ = {isa = PBXBuildFile; fileRef = 1F1E16E3277DFF37007826AD /* ContentView.swift */; };
		1F1E16E6277DFF38007826AD /* Assets.xcassets in Resources */ = {isa = PBXBuildFile; fileRef = 1F1E16E5277DFF38007826AD /* Assets.xcassets */; };
		1F1E16E9277DFF38007826AD /* Preview Assets.xcassets in Resources */ = {isa = PBXBuildFile; fileRef = 1F1E16E8277DFF38007826AD /* Preview Assets.xcassets */; };
		1F1E16F3277DFF39007826AD /* CountryAppTests.swift in Sources */ = {isa = PBXBuildFile; fileRef = 1F1E16F2277DFF39007826AD /* CountryAppTests.swift */; };
		1F1E16FD277DFF39007826AD /* CountryAppUITests.swift in Sources */ = {isa = PBXBuildFile; fileRef = 1F1E16FC277DFF39007826AD /* CountryAppUITests.swift */; };
		1F1E16FF277DFF39007826AD /* CountryAppUITestsLaunchTests.swift in Sources */ = {isa = PBXBuildFile; fileRef = 1F1E16FE277DFF39007826AD /* CountryAppUITestsLaunchTests.swift */; };
/* End PBXBuildFile section */

/* Begin PBXContainerItemProxy section */
		1F1E16EF277DFF39007826AD /* PBXContainerItemProxy */ = {
			isa = PBXContainerItemProxy;
			containerPortal = 1F1E16D6277DFF37007826AD /* Project object */;
			proxyType = 1;
			remoteGlobalIDString = 1F1E16DD277DFF37007826AD;
			remoteInfo = CountryApp;
		};
		1F1E16F9277DFF39007826AD /* PBXContainerItemProxy */ = {
			isa = PBXContainerItemProxy;
			containerPortal = 1F1E16D6277DFF37007826AD /* Project object */;
			proxyType = 1;
			remoteGlobalIDString = 1F1E16DD277DFF37007826AD;
			remoteInfo = CountryApp;
		};
/* End PBXContainerItemProxy section */

/* Begin PBXFileReference section */
		1F1E16DE277DFF37007826AD /* CountryApp.app */ = {isa = PBXFileReference; explicitFileType = wrapper.application; includeInIndex = 0; path = CountryApp.app; sourceTree = BUILT_PRODUCTS_DIR; };
		1F1E16E1277DFF37007826AD /* CountryAppApp.swift */ = {isa = PBXFileReference; lastKnownFileType = sourcecode.swift; path = CountryAppApp.swift; sourceTree = "<group>"; };
		1F1E16E3277DFF37007826AD /* ContentView.swift */ = {isa = PBXFileReference; lastKnownFileType = sourcecode.swift; path = ContentView.swift; sourceTree = "<group>"; };
		1F1E16E5277DFF38007826AD /* Assets.xcassets */ = {isa = PBXFileReference; lastKnownFileType = folder.assetcatalog; path = Assets.xcassets; sourceTree = "<group>"; };
		1F1E16E8277DFF38007826AD /* Preview Assets.xcassets */ = {isa = PBXFileReference; lastKnownFileType = folder.assetcatalog; path = "Preview Assets.xcassets"; sourceTree = "<group>"; };
		1F1E16EE277DFF39007826AD /* CountryAppTests.xctest */ = {isa = PBXFileReference; explicitFileType = wrapper.cfbundle; includeInIndex = 0; path = CountryAppTests.xctest; sourceTree = BUILT_PRODUCTS_DIR; };
		1F1E16F2277DFF39007826AD /* CountryAppTests.swift */ = {isa = PBXFileReference; lastKnownFileType = sourcecode.swift; path = CountryAppTests.swift; sourceTree = "<group>"; };
		1F1E16F8277DFF39007826AD /* CountryAppUITests.xctest */ = {isa = PBXFileReference; explicitFileType = wrapper.cfbundle; includeInIndex = 0; path = CountryAppUITests.xctest; sourceTree = BUILT_PRODUCTS_DIR; };
		1F1E16FC277DFF39007826AD /* CountryAppUITests.swift */ = {isa = PBXFileReference; lastKnownFileType = sourcecode.swift; path = CountryAppUITests.swift; sourceTree = "<group>"; };
		1F1E16FE277DFF39007826AD /* CountryAppUITestsLaunchTests.swift */ = {isa = PBXFileReference; lastKnownFileType = sourcecode.swift; path = CountryAppUITestsLaunchTests.swift; sourceTree = "<group>"; };
/* End PBXFileReference section */

/* Begin PBXFrameworksBuildPhase section */
		1F1E16DB277DFF37007826AD /* Frameworks */ = {
			isa = PBXFrameworksBuildPhase;
			buildActionMask = 2147483647;
			files = (
			);
			runOnlyForDeploymentPostprocessing = 0;
		};
		1F1E16EB277DFF39007826AD /* Frameworks */ = {
			isa = PBXFrameworksBuildPhase;
			buildActionMask = 2147483647;
			files = (
			);
			runOnlyForDeploymentPostprocessing = 0;
		};
		1F1E16F5277DFF39007826AD /* Frameworks */ = {
			isa = PBXFrameworksBuildPhase;
			buildActionMask = 2147483647;
			files = (
			);
			runOnlyForDeploymentPostprocessing = 0;
		};
/* End PBXFrameworksBuildPhase section */

/* Begin PBXGroup section */
		1F1E16D5277DFF37007826AD = {
			isa = PBXGroup;
			children = (
				1F1E16E0277DFF37007826AD /* CountryApp */,
				1F1E16F1277DFF39007826AD /* CountryAppTests */,
				1F1E16FB277DFF39007826AD /* CountryAppUITests */,
				1F1E16DF277DFF37007826AD /* Products */,
			);
			sourceTree = "<group>";
		};
		1F1E16DF277DFF37007826AD /* Products */ = {
			isa = PBXGroup;
			children = (
				1F1E16DE277DFF37007826AD /* CountryApp.app */,
				1F1E16EE277DFF39007826AD /* CountryAppTests.xctest */,
				1F1E16F8277DFF39007826AD /* CountryAppUITests.xctest */,
			);
			name = Products;
			sourceTree = "<group>";
		};
		1F1E16E0277DFF37007826AD /* CountryApp */ = {
			isa = PBXGroup;
			children = (
				1F1E16E1277DFF37007826AD /* CountryAppApp.swift */,
				1F1E16E3277DFF37007826AD /* ContentView.swift */,
				1F1E16E5277DFF38007826AD /* Assets.xcassets */,
				1F1E16E7277DFF38007826AD /* Preview Content */,
			);
			path = CountryApp;
			sourceTree = "<group>";
		};
		1F1E16E7277DFF38007826AD /* Preview Content */ = {
			isa = PBXGroup;
			children = (
				1F1E16E8277DFF38007826AD /* Preview Assets.xcassets */,
			);
			path = "Preview Content";
			sourceTree = "<group>";
		};
		1F1E16F1277DFF39007826AD /* CountryAppTests */ = {
			isa = PBXGroup;
			children = (
				1F1E16F2277DFF39007826AD /* CountryAppTests.swift */,
			);
			path = CountryAppTests;
			sourceTree = "<group>";
		};
		1F1E16FB277DFF39007826AD /* CountryAppUITests */ = {
			isa = PBXGroup;
			children = (
				1F1E16FC277DFF39007826AD /* CountryAppUITests.swift */,
				1F1E16FE277DFF39007826AD /* CountryAppUITestsLaunchTests.swift */,
			);
			path = CountryAppUITests;
			sourceTree = "<group>";
		};
/* End PBXGroup section */

/* Begin PBXNativeTarget section */
		1F1E16DD277DFF37007826AD /* CountryApp */ = {
			isa = PBXNativeTarget;
			buildConfigurationList = 1F1E1702277DFF39007826AD /* Build configuration list for PBXNativeTarget "CountryApp" */;
			buildPhases = (
				1F1E16DA277DFF37007826AD /* Sources */,
				1F1E16DB277DFF37007826AD /* Frameworks */,
				1F1E16DC277DFF37007826AD /* Resources */,
			);
			buildRules = (
			);
			dependencies = (
			);
			name = CountryApp;
			productName = CountryApp;
			productReference = 1F1E16DE277DFF37007826AD /* CountryApp.app */;
			productType = "com.apple.product-type.application";
		};
		1F1E16ED277DFF39007826AD /* CountryAppTests */ = {
			isa = PBXNativeTarget;
			buildConfigurationList = 1F1E1705277DFF39007826AD /* Build configuration list for PBXNativeTarget "CountryAppTests" */;
			buildPhases = (
				1F1E16EA277DFF39007826AD /* Sources */,
				1F1E16EB277DFF39007826AD /* Frameworks */,
				1F1E16EC277DFF39007826AD /* Resources */,
			);
			buildRules = (
			);
			dependencies = (
				1F1E16F0277DFF39007826AD /* PBXTargetDependency */,
			);
			name = CountryAppTests;
			productName = CountryAppTests;
			productReference = 1F1E16EE277DFF39007826AD /* CountryAppTests.xctest */;
			productType = "com.apple.product-type.bundle.unit-test";
		};
		1F1E16F7277DFF39007826AD /* CountryAppUITests */ = {
			isa = PBXNativeTarget;
			buildConfigurationList = 1F1E1708277DFF39007826AD /* Build configuration list for PBXNativeTarget "CountryAppUITests" */;
			buildPhases = (
				1F1E16F4277DFF39007826AD /* Sources */,
				1F1E16F5277DFF39007826AD /* Frameworks */,
				1F1E16F6277DFF39007826AD /* Resources */,
			);
			buildRules = (
			);
			dependencies = (
				1F1E16FA277DFF39007826AD /* PBXTargetDependency */,
			);
			name = CountryAppUITests;
			productName = CountryAppUITests;
			productReference = 1F1E16F8277DFF39007826AD /* CountryAppUITests.xctest */;
			productType = "com.apple.product-type.bundle.ui-testing";
		};
/* End PBXNativeTarget section */

/* Begin PBXProject section */
		1F1E16D6277DFF37007826AD /* Project object */ = {
			isa = PBXProject;
			attributes = {
				BuildIndependentTargetsInParallel = 1;
				LastSwiftUpdateCheck = 1320;
				LastUpgradeCheck = 1320;
				TargetAttributes = {
					1F1E16DD277DFF37007826AD = {
						CreatedOnToolsVersion = 13.2.1;
					};
					1F1E16ED277DFF39007826AD = {
						CreatedOnToolsVersion = 13.2.1;
						TestTargetID = 1F1E16DD277DFF37007826AD;
					};
					1F1E16F7277DFF39007826AD = {
						CreatedOnToolsVersion = 13.2.1;
						TestTargetID = 1F1E16DD277DFF37007826AD;
					};
				};
			};
			buildConfigurationList = 1F1E16D9277DFF37007826AD /* Build configuration list for PBXProject "CountryApp" */;
			compatibilityVersion = "Xcode 13.0";
			developmentRegion = en;
			hasScannedForEncodings = 0;
			knownRegions = (
				en,
				Base,
			);
			mainGroup = 1F1E16D5277DFF37007826AD;
			productRefGroup = 1F1E16DF277DFF37007826AD /* Products */;
			projectDirPath = "";
			projectRoot = "";
			targets = (
				1F1E16DD277DFF37007826AD /* CountryApp */,
				1F1E16ED277DFF39007826AD /* CountryAppTests */,
				1F1E16F7277DFF39007826AD /* CountryAppUITests */,
			);
		};
/* End PBXProject section */

/* Begin PBXResourcesBuildPhase section */
		1F1E16DC277DFF37007826AD /* Resources */ = {
			isa = PBXResourcesBuildPhase;
			buildActionMask = 2147483647;
			files = (
				1F1E16E9277DFF38007826AD /* Preview Assets.xcassets in Resources */,
				1F1E16E6277DFF38007826AD /* Assets.xcassets in Resources */,
			);
			runOnlyForDeploymentPostprocessing = 0;
		};
		1F1E16EC277DFF39007826AD /* Resources */ = {
			isa = PBXResourcesBuildPhase;
			buildActionMask = 2147483647;
			files = (
			);
			runOnlyForDeploymentPostprocessing = 0;
		};
		1F1E16F6277DFF39007826AD /* Resources */ = {
			isa = PBXResourcesBuildPhase;
			buildActionMask = 2147483647;
			files = (
			);
			runOnlyForDeploymentPostprocessing = 0;
		};
/* End PBXResourcesBuildPhase section */

/* Begin PBXSourcesBuildPhase section */
		1F1E16DA277DFF37007826AD /* Sources */ = {
			isa = PBXSourcesBuildPhase;
			buildActionMask = 2147483647;
			files = (
				1F1E16E4277DFF37007826AD /* ContentView.swift in Sources */,
				1F1E16E2277DFF37007826AD /* CountryAppApp.swift in Sources */,
			);
			runOnlyForDeploymentPostprocessing = 0;
		};
		1F1E16EA277DFF39007826AD /* Sources */ = {
			isa = PBXSourcesBuildPhase;
			buildActionMask = 2147483647;
			files = (
				1F1E16F3277DFF39007826AD /* CountryAppTests.swift in Sources */,
			);
			runOnlyForDeploymentPostprocessing = 0;
		};
		1F1E16F4277DFF39007826AD /* Sources */ = {
			isa = PBXSourcesBuildPhase;
			buildActionMask = 2147483647;
			files = (
				1F1E16FD277DFF39007826AD /* CountryAppUITests.swift in Sources */,
				1F1E16FF277DFF39007826AD /* CountryAppUITestsLaunchTests.swift in Sources */,
			);
			runOnlyForDeploymentPostprocessing = 0;
		};
/* End PBXSourcesBuildPhase section */

/* Begin PBXTargetDependency section */
		1F1E16F0277DFF39007826AD /* PBXTargetDependency */ = {
			isa = PBXTargetDependency;
			target = 1F1E16DD277DFF37007826AD /* CountryApp */;
			targetProxy = 1F1E16EF277DFF39007826AD /* PBXContainerItemProxy */;
		};
		1F1E16FA277DFF39007826AD /* PBXTargetDependency */ = {
			isa = PBXTargetDependency;
			target = 1F1E16DD277DFF37007826AD /* CountryApp */;
			targetProxy = 1F1E16F9277DFF39007826AD /* PBXContainerItemProxy */;
		};
/* End PBXTargetDependency section */

/* Begin XCBuildConfiguration section */
		1F1E1700277DFF39007826AD /* Debug */ = {
			isa = XCBuildConfiguration;
			buildSettings = {
				ALWAYS_SEARCH_USER_PATHS = NO;
				CLANG_ANALYZER_NONNULL = YES;
				CLANG_ANALYZER_NUMBER_OBJECT_CONVERSION = YES_AGGRESSIVE;
				CLANG_CXX_LANGUAGE_STANDARD = "gnu++17";
				CLANG_CXX_LIBRARY = "libc++";
				CLANG_ENABLE_MODULES = YES;
				CLANG_ENABLE_OBJC_ARC = YES;
				CLANG_ENABLE_OBJC_WEAK = YES;
				CLANG_WARN_BLOCK_CAPTURE_AUTORELEASING = YES;
				CLANG_WARN_BOOL_CONVERSION = YES;
				CLANG_WARN_COMMA = YES;
				CLANG_WARN_CONSTANT_CONVERSION = YES;
				CLANG_WARN_DEPRECATED_OBJC_IMPLEMENTATIONS = YES;
				CLANG_WARN_DIRECT_OBJC_ISA_USAGE = YES_ERROR;
				CLANG_WARN_DOCUMENTATION_COMMENTS = YES;
				CLANG_WARN_EMPTY_BODY = YES;
				CLANG_WARN_ENUM_CONVERSION = YES;
				CLANG_WARN_INFINITE_RECURSION = YES;
				CLANG_WARN_INT_CONVERSION = YES;
				CLANG_WARN_NON_LITERAL_NULL_CONVERSION = YES;
				CLANG_WARN_OBJC_IMPLICIT_RETAIN_SELF = YES;
				CLANG_WARN_OBJC_LITERAL_CONVERSION = YES;
				CLANG_WARN_OBJC_ROOT_CLASS = YES_ERROR;
				CLANG_WARN_QUOTED_INCLUDE_IN_FRAMEWORK_HEADER = YES;
				CLANG_WARN_RANGE_LOOP_ANALYSIS = YES;
				CLANG_WARN_STRICT_PROTOTYPES = YES;
				CLANG_WARN_SUSPICIOUS_MOVE = YES;
				CLANG_WARN_UNGUARDED_AVAILABILITY = YES_AGGRESSIVE;
				CLANG_WARN_UNREACHABLE_CODE = YES;
				CLANG_WARN__DUPLICATE_METHOD_MATCH = YES;
				COPY_PHASE_STRIP = NO;
				DEBUG_INFORMATION_FORMAT = dwarf;
				ENABLE_STRICT_OBJC_MSGSEND = YES;
				ENABLE_TESTABILITY = YES;
				GCC_C_LANGUAGE_STANDARD = gnu11;
				GCC_DYNAMIC_NO_PIC = NO;
				GCC_NO_COMMON_BLOCKS = YES;
				GCC_OPTIMIZATION_LEVEL = 0;
				GCC_PREPROCESSOR_DEFINITIONS = (
					"DEBUG=1",
					"$(inherited)",
				);
				GCC_WARN_64_TO_32_BIT_CONVERSION = YES;
				GCC_WARN_ABOUT_RETURN_TYPE = YES_ERROR;
				GCC_WARN_UNDECLARED_SELECTOR = YES;
				GCC_WARN_UNINITIALIZED_AUTOS = YES_AGGRESSIVE;
				GCC_WARN_UNUSED_FUNCTION = YES;
				GCC_WARN_UNUSED_VARIABLE = YES;
				IPHONEOS_DEPLOYMENT_TARGET = 15.2;
				MTL_ENABLE_DEBUG_INFO = INCLUDE_SOURCE;
				MTL_FAST_MATH = YES;
				ONLY_ACTIVE_ARCH = YES;
				SDKROOT = iphoneos;
				SWIFT_ACTIVE_COMPILATION_CONDITIONS = DEBUG;
				SWIFT_OPTIMIZATION_LEVEL = "-Onone";
			};
			name = Debug;
		};
		1F1E1701277DFF39007826AD /* Release */ = {
			isa = XCBuildConfiguration;
			buildSettings = {
				ALWAYS_SEARCH_USER_PATHS = NO;
				CLANG_ANALYZER_NONNULL = YES;
				CLANG_ANALYZER_NUMBER_OBJECT_CONVERSION = YES_AGGRESSIVE;
				CLANG_CXX_LANGUAGE_STANDARD = "gnu++17";
				CLANG_CXX_LIBRARY = "libc++";
				CLANG_ENABLE_MODULES = YES;
				CLANG_ENABLE_OBJC_ARC = YES;
				CLANG_ENABLE_OBJC_WEAK = YES;
				CLANG_WARN_BLOCK_CAPTURE_AUTORELEASING = YES;
				CLANG_WARN_BOOL_CONVERSION = YES;
				CLANG_WARN_COMMA = YES;
				CLANG_WARN_CONSTANT_CONVERSION = YES;
				CLANG_WARN_DEPRECATED_OBJC_IMPLEMENTATIONS = YES;
				CLANG_WARN_DIRECT_OBJC_ISA_USAGE = YES_ERROR;
				CLANG_WARN_DOCUMENTATION_COMMENTS = YES;
				CLANG_WARN_EMPTY_BODY = YES;
				CLANG_WARN_ENUM_CONVERSION = YES;
				CLANG_WARN_INFINITE_RECURSION = YES;
				CLANG_WARN_INT_CONVERSION = YES;
				CLANG_WARN_NON_LITERAL_NULL_CONVERSION = YES;
				CLANG_WARN_OBJC_IMPLICIT_RETAIN_SELF = YES;
				CLANG_WARN_OBJC_LITERAL_CONVERSION = YES;
				CLANG_WARN_OBJC_ROOT_CLASS = YES_ERROR;
				CLANG_WARN_QUOTED_INCLUDE_IN_FRAMEWORK_HEADER = YES;
				CLANG_WARN_RANGE_LOOP_ANALYSIS = YES;
				CLANG_WARN_STRICT_PROTOTYPES = YES;
				CLANG_WARN_SUSPICIOUS_MOVE = YES;
				CLANG_WARN_UNGUARDED_AVAILABILITY = YES_AGGRESSIVE;
				CLANG_WARN_UNREACHABLE_CODE = YES;
				CLANG_WARN__DUPLICATE_METHOD_MATCH = YES;
				COPY_PHASE_STRIP = NO;
				DEBUG_INFORMATION_FORMAT = "dwarf-with-dsym";
				ENABLE_NS_ASSERTIONS = NO;
				ENABLE_STRICT_OBJC_MSGSEND = YES;
				GCC_C_LANGUAGE_STANDARD = gnu11;
				GCC_NO_COMMON_BLOCKS = YES;
				GCC_WARN_64_TO_32_BIT_CONVERSION = YES;
				GCC_WARN_ABOUT_RETURN_TYPE = YES_ERROR;
				GCC_WARN_UNDECLARED_SELECTOR = YES;
				GCC_WARN_UNINITIALIZED_AUTOS = YES_AGGRESSIVE;
				GCC_WARN_UNUSED_FUNCTION = YES;
				GCC_WARN_UNUSED_VARIABLE = YES;
				IPHONEOS_DEPLOYMENT_TARGET = 15.2;
				MTL_ENABLE_DEBUG_INFO = NO;
				MTL_FAST_MATH = YES;
				SDKROOT = iphoneos;
				SWIFT_COMPILATION_MODE = wholemodule;
				SWIFT_OPTIMIZATION_LEVEL = "-O";
				VALIDATE_PRODUCT = YES;
			};
			name = Release;
		};
		1F1E1703277DFF39007826AD /* Debug */ = {
			isa = XCBuildConfiguration;
			buildSettings = {
				ASSETCATALOG_COMPILER_APPICON_NAME = AppIcon;
				ASSETCATALOG_COMPILER_GLOBAL_ACCENT_COLOR_NAME = AccentColor;
				CODE_SIGN_STYLE = Automatic;
				CURRENT_PROJECT_VERSION = 1;
				DEVELOPMENT_ASSET_PATHS = "\"CountryApp/Preview Content\"";
				DEVELOPMENT_TEAM = 284M42BD2D;
				ENABLE_PREVIEWS = YES;
				GENERATE_INFOPLIST_FILE = YES;
				INFOPLIST_KEY_UIApplicationSceneManifest_Generation = YES;
				INFOPLIST_KEY_UIApplicationSupportsIndirectInputEvents = YES;
				INFOPLIST_KEY_UILaunchScreen_Generation = YES;
				INFOPLIST_KEY_UISupportedInterfaceOrientations_iPad = "UIInterfaceOrientationPortrait UIInterfaceOrientationPortraitUpsideDown UIInterfaceOrientationLandscapeLeft UIInterfaceOrientationLandscapeRight";
				INFOPLIST_KEY_UISupportedInterfaceOrientations_iPhone = "UIInterfaceOrientationPortrait UIInterfaceOrientationLandscapeLeft UIInterfaceOrientationLandscapeRight";
				LD_RUNPATH_SEARCH_PATHS = (
					"$(inherited)",
					"@executable_path/Frameworks",
				);
				MARKETING_VERSION = 1.0;
				PRODUCT_BUNDLE_IDENTIFIER = com.giovanni.CountryApp;
				PRODUCT_NAME = "$(TARGET_NAME)";
				SWIFT_EMIT_LOC_STRINGS = YES;
				SWIFT_VERSION = 5.0;
				TARGETED_DEVICE_FAMILY = "1,2";
			};
			name = Debug;
		};
		1F1E1704277DFF39007826AD /* Release */ = {
			isa = XCBuildConfiguration;
			buildSettings = {
				ASSETCATALOG_COMPILER_APPICON_NAME = AppIcon;
				ASSETCATALOG_COMPILER_GLOBAL_ACCENT_COLOR_NAME = AccentColor;
				CODE_SIGN_STYLE = Automatic;
				CURRENT_PROJECT_VERSION = 1;
				DEVELOPMENT_ASSET_PATHS = "\"CountryApp/Preview Content\"";
				DEVELOPMENT_TEAM = 284M42BD2D;
				ENABLE_PREVIEWS = YES;
				GENERATE_INFOPLIST_FILE = YES;
				INFOPLIST_KEY_UIApplicationSceneManifest_Generation = YES;
				INFOPLIST_KEY_UIApplicationSupportsIndirectInputEvents = YES;
				INFOPLIST_KEY_UILaunchScreen_Generation = YES;
				INFOPLIST_KEY_UISupportedInterfaceOrientations_iPad = "UIInterfaceOrientationPortrait UIInterfaceOrientationPortraitUpsideDown UIInterfaceOrientationLandscapeLeft UIInterfaceOrientationLandscapeRight";
				INFOPLIST_KEY_UISupportedInterfaceOrientations_iPhone = "UIInterfaceOrientationPortrait UIInterfaceOrientationLandscapeLeft UIInterfaceOrientationLandscapeRight";
				LD_RUNPATH_SEARCH_PATHS = (
					"$(inherited)",
					"@executable_path/Frameworks",
				);
				MARKETING_VERSION = 1.0;
				PRODUCT_BUNDLE_IDENTIFIER = com.giovanni.CountryApp;
				PRODUCT_NAME = "$(TARGET_NAME)";
				SWIFT_EMIT_LOC_STRINGS = YES;
				SWIFT_VERSION = 5.0;
				TARGETED_DEVICE_FAMILY = "1,2";
			};
			name = Release;
		};
		1F1E1706277DFF39007826AD /* Debug */ = {
			isa = XCBuildConfiguration;
			buildSettings = {
				ALWAYS_EMBED_SWIFT_STANDARD_LIBRARIES = YES;
				BUNDLE_LOADER = "$(TEST_HOST)";
				CODE_SIGN_STYLE = Automatic;
				CURRENT_PROJECT_VERSION = 1;
				DEVELOPMENT_TEAM = 284M42BD2D;
				GENERATE_INFOPLIST_FILE = YES;
				IPHONEOS_DEPLOYMENT_TARGET = 15.2;
				MARKETING_VERSION = 1.0;
				PRODUCT_BUNDLE_IDENTIFIER = com.giovanni.CountryAppTests;
				PRODUCT_NAME = "$(TARGET_NAME)";
				SWIFT_EMIT_LOC_STRINGS = NO;
				SWIFT_VERSION = 5.0;
				TARGETED_DEVICE_FAMILY = "1,2";
				TEST_HOST = "$(BUILT_PRODUCTS_DIR)/CountryApp.app/CountryApp";
			};
			name = Debug;
		};
		1F1E1707277DFF39007826AD /* Release */ = {
			isa = XCBuildConfiguration;
			buildSettings = {
				ALWAYS_EMBED_SWIFT_STANDARD_LIBRARIES = YES;
				BUNDLE_LOADER = "$(TEST_HOST)";
				CODE_SIGN_STYLE = Automatic;
				CURRENT_PROJECT_VERSION = 1;
				DEVELOPMENT_TEAM = 284M42BD2D;
				GENERATE_INFOPLIST_FILE = YES;
				IPHONEOS_DEPLOYMENT_TARGET = 15.2;
				MARKETING_VERSION = 1.0;
				PRODUCT_BUNDLE_IDENTIFIER = com.giovanni.CountryAppTests;
				PRODUCT_NAME = "$(TARGET_NAME)";
				SWIFT_EMIT_LOC_STRINGS = NO;
				SWIFT_VERSION = 5.0;
				TARGETED_DEVICE_FAMILY = "1,2";
				TEST_HOST = "$(BUILT_PRODUCTS_DIR)/CountryApp.app/CountryApp";
			};
			name = Release;
		};
		1F1E1709277DFF39007826AD /* Debug */ = {
			isa = XCBuildConfiguration;
			buildSettings = {
				ALWAYS_EMBED_SWIFT_STANDARD_LIBRARIES = YES;
				CODE_SIGN_STYLE = Automatic;
				CURRENT_PROJECT_VERSION = 1;
				DEVELOPMENT_TEAM = 284M42BD2D;
				GENERATE_INFOPLIST_FILE = YES;
				MARKETING_VERSION = 1.0;
				PRODUCT_BUNDLE_IDENTIFIER = com.giovanni.CountryAppUITests;
				PRODUCT_NAME = "$(TARGET_NAME)";
				SWIFT_EMIT_LOC_STRINGS = NO;
				SWIFT_VERSION = 5.0;
				TARGETED_DEVICE_FAMILY = "1,2";
				TEST_TARGET_NAME = CountryApp;
			};
			name = Debug;
		};
		1F1E170A277DFF39007826AD /* Release */ = {
			isa = XCBuildConfiguration;
			buildSettings = {
				ALWAYS_EMBED_SWIFT_STANDARD_LIBRARIES = YES;
				CODE_SIGN_STYLE = Automatic;
				CURRENT_PROJECT_VERSION = 1;
				DEVELOPMENT_TEAM = 284M42BD2D;
				GENERATE_INFOPLIST_FILE = YES;
				MARKETING_VERSION = 1.0;
				PRODUCT_BUNDLE_IDENTIFIER = com.giovanni.CountryAppUITests;
				PRODUCT_NAME = "$(TARGET_NAME)";
				SWIFT_EMIT_LOC_STRINGS = NO;
				SWIFT_VERSION = 5.0;
				TARGETED_DEVICE_FAMILY = "1,2";
				TEST_TARGET_NAME = CountryApp;
			};
			name = Release;
		};
/* End XCBuildConfiguration section */

/* Begin XCConfigurationList section */
		1F1E16D9277DFF37007826AD /* Build configuration list for PBXProject "CountryApp" */ = {
			isa = XCConfigurationList;
			buildConfigurations = (
				1F1E1700277DFF39007826AD /* Debug */,
				1F1E1701277DFF39007826AD /* Release */,
			);
			defaultConfigurationIsVisible = 0;
			defaultConfigurationName = Release;
		};
		1F1E1702277DFF39007826AD /* Build configuration list for PBXNativeTarget "CountryApp" */ = {
			isa = XCConfigurationList;
			buildConfigurations = (
				1F1E1703277DFF39007826AD /* Debug */,
				1F1E1704277DFF39007826AD /* Release */,
			);
			defaultConfigurationIsVisible = 0;
			defaultConfigurationName = Release;
		};
		1F1E1705277DFF39007826AD /* Build configuration list for PBXNativeTarget "CountryAppTests" */ = {
			isa = XCConfigurationList;
			buildConfigurations = (
				1F1E1706277DFF39007826AD /* Debug */,
				1F1E1707277DFF39007826AD /* Release */,
			);
			defaultConfigurationIsVisible = 0;
			defaultConfigurationName = Release;
		};
		1F1E1708277DFF39007826AD /* Build configuration list for PBXNativeTarget "CountryAppUITests" */ = {
			isa = XCConfigurationList;
			buildConfigurations = (
				1F1E1709277DFF39007826AD /* Debug */,
				1F1E170A277DFF39007826AD /* Release */,
			);
			defaultConfigurationIsVisible = 0;
			defaultConfigurationName = Release;
		};
/* End XCConfigurationList section */
	};
	rootObject = 1F1E16D6277DFF37007826AD /* Project object */;
}
